
Microsoft Visual Studio Solution File, Format Version 11.00
# Visual Studio 2010
Project("{FAE04EC0-301F-11D3-BF4B-00C04F79EFBC}") = "MahApps.RESTBase.WP7", "WP7\MahApps.RESTBase.WP7.csproj", "{FA476F57-6E27-493D-875C-8F2671DF7411}"
EndProject
Project("{FAE04EC0-301F-11D3-BF4B-00C04F79EFBC}") = "MahApps.RESTBase.NET4", "NET4\MahApps.RESTBase.NET4.csproj", "{BB1C4900-7635-414A-AFB2-78CB5453B6A6}"
EndProject
Global
	GlobalSection(SolutionConfigurationPlatforms) = preSolution
		Debug|Any CPU = Debug|Any CPU
		Release|Any CPU = Release|Any CPU
	EndGlobalSection
	GlobalSection(ProjectConfigurationPlatforms) = postSolution
		{FA476F57-6E27-493D-875C-8F2671DF7411}.Debug|Any CPU.ActiveCfg = Debug|Any CPU
		{FA476F57-6E27-493D-875C-8F2671DF7411}.Debug|Any CPU.Build.0 = Debug|Any CPU
		{FA476F57-6E27-493D-875C-8F2671DF7411}.Release|Any CPU.ActiveCfg = Release|Any CPU
		{FA476F57-6E27-493D-875C-8F2671DF7411}.Release|Any CPU.Build.0 = Release|Any CPU
		{BB1C4900-7635-414A-AFB2-78CB5453B6A6}.Debug|Any CPU.ActiveCfg = Debug|Any CPU
		{BB1C4900-7635-414A-AFB2-78CB5453B6A6}.Debug|Any CPU.Build.0 = Debug|Any CPU
		{BB1C4900-7635-414A-AFB2-78CB5453B6A6}.Release|Any CPU.ActiveCfg = Release|Any CPU
		{BB1C4900-7635-414A-AFB2-78CB5453B6A6}.Release|Any CPU.Build.0 = Release|Any CPU
	EndGlobalSection
	GlobalSection(SolutionProperties) = preSolution
		HideSolutionNode = FALSE
	EndGlobalSection
EndGlobal
